
Microsoft Visual Studio Solution File, Format Version 12.00
# Visual Studio 15
VisualStudioVersion = 15.0.28307.852
MinimumVisualStudioVersion = 10.0.40219.1
Project("{8BC9CEB8-8B4A-11D0-8D11-00A0C91BC942}") = "Client", "Client\Include\Client.vcxproj", "{AC262E24-0E82-4DDE-A4E4-57F2EA556400}"
EndProject
Project("{8BC9CEB8-8B4A-11D0-8D11-00A0C91BC942}") = "Engine", "Engine\Include\Engine.vcxproj", "{8462BA10-D22C-42E0-B4BD-3334E52E2DD0}"
EndProject
Project("{2150E333-8FDC-42A3-9474-1A3956D46DE8}") = "문서", "문서", "{6C68744D-8933-4837-99EA-3E6A91226394}"
	ProjectSection(SolutionItems) = preProject
		EngineCopy.bat = EngineCopy.bat
	EndProjectSection
EndProject
Global
	GlobalSection(SolutionConfigurationPlatforms) = preSolution
		Debug|x64 = Debug|x64
		Debug|x86 = Debug|x86
		Release|x64 = Release|x64
		Release|x86 = Release|x86
	EndGlobalSection
	GlobalSection(ProjectConfigurationPlatforms) = postSolution
		{AC262E24-0E82-4DDE-A4E4-57F2EA556400}.Debug|x64.ActiveCfg = Debug|x64
		{AC262E24-0E82-4DDE-A4E4-57F2EA556400}.Debug|x64.Build.0 = Debug|x64
		{AC262E24-0E82-4DDE-A4E4-57F2EA556400}.Debug|x86.ActiveCfg = Debug|Win32
		{AC262E24-0E82-4DDE-A4E4-57F2EA556400}.Debug|x86.Build.0 = Debug|Win32
		{AC262E24-0E82-4DDE-A4E4-57F2EA556400}.Release|x64.ActiveCfg = Release|x64
		{AC262E24-0E82-4DDE-A4E4-57F2EA556400}.Release|x64.Build.0 = Release|x64
		{AC262E24-0E82-4DDE-A4E4-57F2EA556400}.Release|x86.ActiveCfg = Release|Win32
		{AC262E24-0E82-4DDE-A4E4-57F2EA556400}.Release|x86.Build.0 = Release|Win32
		{8462BA10-D22C-42E0-B4BD-3334E52E2DD0}.Debug|x64.ActiveCfg = Debug|x64
		{8462BA10-D22C-42E0-B4BD-3334E52E2DD0}.Debug|x64.Build.0 = Debug|x64
		{8462BA10-D22C-42E0-B4BD-3334E52E2DD0}.Debug|x86.ActiveCfg = Debug|Win32
		{8462BA10-D22C-42E0-B4BD-3334E52E2DD0}.Debug|x86.Build.0 = Debug|Win32
		{8462BA10-D22C-42E0-B4BD-3334E52E2DD0}.Release|x64.ActiveCfg = Release|x64
		{8462BA10-D22C-42E0-B4BD-3334E52E2DD0}.Release|x64.Build.0 = Release|x64
		{8462BA10-D22C-42E0-B4BD-3334E52E2DD0}.Release|x86.ActiveCfg = Release|Win32
		{8462BA10-D22C-42E0-B4BD-3334E52E2DD0}.Release|x86.Build.0 = Release|Win32
	EndGlobalSection
	GlobalSection(SolutionProperties) = preSolution
		HideSolutionNode = FALSE
	EndGlobalSection
	GlobalSection(ExtensibilityGlobals) = postSolution
		SolutionGuid = {13232D01-4BE5-42BD-BF0F-01A52007DA77}
	EndGlobalSection
EndGlobal
