
Microsoft Visual Studio Solution File, Format Version 12.00
# Visual Studio 15
VisualStudioVersion = 15.0.28307.572
MinimumVisualStudioVersion = 10.0.40219.1
Project("{8BC9CEB8-8B4A-11D0-8D11-00A0C91BC942}") = "Server", "Server\Server.vcxproj", "{0C41A629-8DDC-4C2C-83EF-79357C33DB6A}"
EndProject
Global
	GlobalSection(SolutionConfigurationPlatforms) = preSolution
		Debug|x64 = Debug|x64
		Debug|x86 = Debug|x86
		Release|x64 = Release|x64
		Release|x86 = Release|x86
	EndGlobalSection
	GlobalSection(ProjectConfigurationPlatforms) = postSolution
		{0C41A629-8DDC-4C2C-83EF-79357C33DB6A}.Debug|x64.ActiveCfg = Debug|x64
		{0C41A629-8DDC-4C2C-83EF-79357C33DB6A}.Debug|x64.Build.0 = Debug|x64
		{0C41A629-8DDC-4C2C-83EF-79357C33DB6A}.Debug|x86.ActiveCfg = Debug|Win32
		{0C41A629-8DDC-4C2C-83EF-79357C33DB6A}.Debug|x86.Build.0 = Debug|Win32
		{0C41A629-8DDC-4C2C-83EF-79357C33DB6A}.Release|x64.ActiveCfg = Release|x64
		{0C41A629-8DDC-4C2C-83EF-79357C33DB6A}.Release|x64.Build.0 = Release|x64
		{0C41A629-8DDC-4C2C-83EF-79357C33DB6A}.Release|x86.ActiveCfg = Release|Win32
		{0C41A629-8DDC-4C2C-83EF-79357C33DB6A}.Release|x86.Build.0 = Release|Win32
	EndGlobalSection
	GlobalSection(SolutionProperties) = preSolution
		HideSolutionNode = FALSE
	EndGlobalSection
	GlobalSection(ExtensibilityGlobals) = postSolution
		SolutionGuid = {74F4D61C-51A2-4EA8-82F6-A40EA95F3520}
	EndGlobalSection
EndGlobal
